
Microsoft Visual Studio Solution File, Format Version 12.00
# Visual Studio Version 18
VisualStudioVersion = 18.8.12021.73 stable
MinimumVisualStudioVersion = 10.0.40219.1
Project("{FAE04EC0-301F-11D3-BF4B-00C04F79EFBC}") = "Lab3", "Lab3\Lab3.csproj", "{97CD5C7B-B30D-4791-8FAD-66D870EAFF00}"
EndProject
Project("{FAE04EC0-301F-11D3-BF4B-00C04F79EFBC}") = "lab3.tests", "Lab3.Tests\lab3.tests.csproj", "{B870BCEE-8D52-4327-9E43-E1524B160741}"
EndProject
Project("{2150E333-8FDC-42A3-9474-1A3956D46DE8}") = "Solution Items", "Solution Items", "{56023B1B-E5D5-4C6E-85FC-7BC9E5611CA9}"
	ProjectSection(SolutionItems) = preProject
		.editorconfig = .editorconfig
	EndProjectSection
EndProject
Global
	GlobalSection(SolutionConfigurationPlatforms) = preSolution
		Debug|Any CPU = Debug|Any CPU
		Release|Any CPU = Release|Any CPU
	EndGlobalSection
	GlobalSection(ProjectConfigurationPlatforms) = postSolution
		{97CD5C7B-B30D-4791-8FAD-66D870EAFF00}.Debug|Any CPU.ActiveCfg = Debug|Any CPU
		{97CD5C7B-B30D-4791-8FAD-66D870EAFF00}.Debug|Any CPU.Build.0 = Debug|Any CPU
		{97CD5C7B-B30D-4791-8FAD-66D870EAFF00}.Release|Any CPU.ActiveCfg = Release|Any CPU
		{97CD5C7B-B30D-4791-8FAD-66D870EAFF00}.Release|Any CPU.Build.0 = Release|Any CPU
		{B870BCEE-8D52-4327-9E43-E1524B160741}.Debug|Any CPU.ActiveCfg = Debug|Any CPU
		{B870BCEE-8D52-4327-9E43-E1524B160741}.Debug|Any CPU.Build.0 = Debug|Any CPU
		{B870BCEE-8D52-4327-9E43-E1524B160741}.Release|Any CPU.ActiveCfg = Release|Any CPU
		{B870BCEE-8D52-4327-9E43-E1524B160741}.Release|Any CPU.Build.0 = Release|Any CPU
	EndGlobalSection
	GlobalSection(SolutionProperties) = preSolution
		HideSolutionNode = FALSE
	EndGlobalSection
EndGlobal
